
Microsoft Visual Studio Solution File, Format Version 12.00
# Visual Studio 15
VisualStudioVersion = 15.0.28307.1500
MinimumVisualStudioVersion = 10.0.40219.1
Project("{FAE04EC0-301F-11D3-BF4B-00C04F79EFBC}") = "WorkspaceManagerTool", "WorkspaceManager\WorkspaceManagerTool.csproj", "{0F0AFAB0-3494-4892-B295-F7C790002708}"
EndProject
Project("{FAE04EC0-301F-11D3-BF4B-00C04F79EFBC}") = "XUnitTestProject1", "XUnitTestProject1\XUnitTestProject1.csproj", "{568E466A-8913-47CC-95EB-9621D74DDFDB}"
EndProject
Global
	GlobalSection(SolutionConfigurationPlatforms) = preSolution
		Debug|Any CPU = Debug|Any CPU
		Debug|x64 = Debug|x64
		Release|Any CPU = Release|Any CPU
		Release|x64 = Release|x64
	EndGlobalSection
	GlobalSection(ProjectConfigurationPlatforms) = postSolution
		{0F0AFAB0-3494-4892-B295-F7C790002708}.Debug|Any CPU.ActiveCfg = Debug|Any CPU
		{0F0AFAB0-3494-4892-B295-F7C790002708}.Debug|Any CPU.Build.0 = Debug|Any CPU
		{0F0AFAB0-3494-4892-B295-F7C790002708}.Debug|x64.ActiveCfg = Debug|x64
		{0F0AFAB0-3494-4892-B295-F7C790002708}.Debug|x64.Build.0 = Debug|x64
		{0F0AFAB0-3494-4892-B295-F7C790002708}.Release|Any CPU.ActiveCfg = Release|Any CPU
		{0F0AFAB0-3494-4892-B295-F7C790002708}.Release|Any CPU.Build.0 = Release|Any CPU
		{0F0AFAB0-3494-4892-B295-F7C790002708}.Release|x64.ActiveCfg = Release|x64
		{0F0AFAB0-3494-4892-B295-F7C790002708}.Release|x64.Build.0 = Release|x64
		{568E466A-8913-47CC-95EB-9621D74DDFDB}.Debug|Any CPU.ActiveCfg = Debug|Any CPU
		{568E466A-8913-47CC-95EB-9621D74DDFDB}.Debug|Any CPU.Build.0 = Debug|Any CPU
		{568E466A-8913-47CC-95EB-9621D74DDFDB}.Debug|x64.ActiveCfg = Debug|Any CPU
		{568E466A-8913-47CC-95EB-9621D74DDFDB}.Debug|x64.Build.0 = Debug|Any CPU
		{568E466A-8913-47CC-95EB-9621D74DDFDB}.Release|Any CPU.ActiveCfg = Release|Any CPU
		{568E466A-8913-47CC-95EB-9621D74DDFDB}.Release|Any CPU.Build.0 = Release|Any CPU
		{568E466A-8913-47CC-95EB-9621D74DDFDB}.Release|x64.ActiveCfg = Release|Any CPU
		{568E466A-8913-47CC-95EB-9621D74DDFDB}.Release|x64.Build.0 = Release|Any CPU
	EndGlobalSection
	GlobalSection(SolutionProperties) = preSolution
		HideSolutionNode = FALSE
	EndGlobalSection
	GlobalSection(ExtensibilityGlobals) = postSolution
		SolutionGuid = {48F60814-D617-43B5-85A7-7F115639AFD7}
	EndGlobalSection
EndGlobal
